
Microsoft Visual Studio Solution File, Format Version 12.00
# Visual Studio Version 17
VisualStudioVersion = 17.6.33723.286
MinimumVisualStudioVersion = 10.0.40219.1
Project("{FAE04EC0-301F-11D3-BF4B-00C04F79EFBC}") = "StocksInfo", "StocksInfo\StocksInfo.csproj", "{90524894-7277-4C19-8733-88741C65C65F}"
EndProject
Global
	GlobalSection(SolutionConfigurationPlatforms) = preSolution
		Debug|Any CPU = Debug|Any CPU
		Release|Any CPU = Release|Any CPU
	EndGlobalSection
	GlobalSection(ProjectConfigurationPlatforms) = postSolution
		{90524894-7277-4C19-8733-88741C65C65F}.Debug|Any CPU.ActiveCfg = Debug|Any CPU
		{90524894-7277-4C19-8733-88741C65C65F}.Debug|Any CPU.Build.0 = Debug|Any CPU
		{90524894-7277-4C19-8733-88741C65C65F}.Release|Any CPU.ActiveCfg = Release|Any CPU
		{90524894-7277-4C19-8733-88741C65C65F}.Release|Any CPU.Build.0 = Release|Any CPU
	EndGlobalSection
	GlobalSection(SolutionProperties) = preSolution
		HideSolutionNode = FALSE
	EndGlobalSection
	GlobalSection(ExtensibilityGlobals) = postSolution
		SolutionGuid = {946F7BD3-9500-4A4A-A3DC-476F25230169}
	EndGlobalSection
EndGlobal
